
Microsoft Visual Studio Solution File, Format Version 12.00
# Visual Studio Version 17
VisualStudioVersion = 17.14.37012.4
MinimumVisualStudioVersion = 10.0.40219.1
Project("{FAE04EC0-301F-11D3-BF4B-00C04F79EFBC}") = "1", "1\1.csproj", "{943253A8-BB18-4B7C-A15F-4AEBEB1CC43A}"
EndProject
Project("{FAE04EC0-301F-11D3-BF4B-00C04F79EFBC}") = "2 al 6", "2\2 al 6.csproj", "{468F1034-1CDC-41CD-9AE0-87FF01587746}"
EndProject
Project("{FAE04EC0-301F-11D3-BF4B-00C04F79EFBC}") = "7", "7\7.csproj", "{788B16D2-E6F4-43F7-9437-7CE9DDD7BC5C}"
EndProject
Global
	GlobalSection(SolutionConfigurationPlatforms) = preSolution
		Debug|Any CPU = Debug|Any CPU
		Release|Any CPU = Release|Any CPU
	EndGlobalSection
	GlobalSection(ProjectConfigurationPlatforms) = postSolution
		{943253A8-BB18-4B7C-A15F-4AEBEB1CC43A}.Debug|Any CPU.ActiveCfg = Debug|Any CPU
		{943253A8-BB18-4B7C-A15F-4AEBEB1CC43A}.Debug|Any CPU.Build.0 = Debug|Any CPU
		{943253A8-BB18-4B7C-A15F-4AEBEB1CC43A}.Release|Any CPU.ActiveCfg = Release|Any CPU
		{943253A8-BB18-4B7C-A15F-4AEBEB1CC43A}.Release|Any CPU.Build.0 = Release|Any CPU
		{468F1034-1CDC-41CD-9AE0-87FF01587746}.Debug|Any CPU.ActiveCfg = Debug|Any CPU
		{468F1034-1CDC-41CD-9AE0-87FF01587746}.Debug|Any CPU.Build.0 = Debug|Any CPU
		{468F1034-1CDC-41CD-9AE0-87FF01587746}.Release|Any CPU.ActiveCfg = Release|Any CPU
		{468F1034-1CDC-41CD-9AE0-87FF01587746}.Release|Any CPU.Build.0 = Release|Any CPU
		{788B16D2-E6F4-43F7-9437-7CE9DDD7BC5C}.Debug|Any CPU.ActiveCfg = Debug|Any CPU
		{788B16D2-E6F4-43F7-9437-7CE9DDD7BC5C}.Debug|Any CPU.Build.0 = Debug|Any CPU
		{788B16D2-E6F4-43F7-9437-7CE9DDD7BC5C}.Release|Any CPU.ActiveCfg = Release|Any CPU
		{788B16D2-E6F4-43F7-9437-7CE9DDD7BC5C}.Release|Any CPU.Build.0 = Release|Any CPU
	EndGlobalSection
	GlobalSection(SolutionProperties) = preSolution
		HideSolutionNode = FALSE
	EndGlobalSection
	GlobalSection(ExtensibilityGlobals) = postSolution
		SolutionGuid = {A58568E9-A645-4A7A-9E9B-95D14A7D65CF}
	EndGlobalSection
EndGlobal
