
Microsoft Visual Studio Solution File, Format Version 12.00
# Visual Studio Version 17
VisualStudioVersion = 17.14.37012.4
MinimumVisualStudioVersion = 10.0.40219.1
Project("{FAE04EC0-301F-11D3-BF4B-00C04F79EFBC}") = "1", "1\1.csproj", "{943253A8-BB18-4B7C-A15F-4AEBEB1CC43A}"
EndProject
Project("{FAE04EC0-301F-11D3-BF4B-00C04F79EFBC}") = "2 al 6", "2\2 al 6.csproj", "{468F1034-1CDC-41CD-9AE0-87FF01587746}"
EndProject
Project("{FAE04EC0-301F-11D3-BF4B-00C04F79EFBC}") = "7", "7\7.csproj", "{788B16D2-E6F4-43F7-9437-7CE9DDD7BC5C}"
EndProject
Project("{FAE04EC0-301F-11D3-BF4B-00C04F79EFBC}") = "8", "8\8.csproj", "{79EB2D30-46F6-4E81-98E9-C3D278ADAE9E}"
EndProject
Project("{FAE04EC0-301F-11D3-BF4B-00C04F79EFBC}") = "9", "9\9.csproj", "{F0886EF3-AB64-41F7-AC40-09F81F99ACA8}"
EndProject
Project("{FAE04EC0-301F-11D3-BF4B-00C04F79EFBC}") = "10", "10\10.csproj", "{BC455664-3FD9-44AD-8F4E-D872E1945362}"
EndProject
Project("{FAE04EC0-301F-11D3-BF4B-00C04F79EFBC}") = "11", "11\11.csproj", "{F3E84934-E34E-4D3F-8349-3F7FB805C581}"
EndProject
Project("{FAE04EC0-301F-11D3-BF4B-00C04F79EFBC}") = "12", "12\12.csproj", "{47486958-861B-465D-A858-8F5F522B8AF9}"
EndProject
Project("{FAE04EC0-301F-11D3-BF4B-00C04F79EFBC}") = "13", "13\13.csproj", "{2AE50D95-579A-4C43-88C0-8FDACFA01F08}"
EndProject
Global
	GlobalSection(SolutionConfigurationPlatforms) = preSolution
		Debug|Any CPU = Debug|Any CPU
		Release|Any CPU = Release|Any CPU
	EndGlobalSection
	GlobalSection(ProjectConfigurationPlatforms) = postSolution
		{943253A8-BB18-4B7C-A15F-4AEBEB1CC43A}.Debug|Any CPU.ActiveCfg = Debug|Any CPU
		{943253A8-BB18-4B7C-A15F-4AEBEB1CC43A}.Debug|Any CPU.Build.0 = Debug|Any CPU
		{943253A8-BB18-4B7C-A15F-4AEBEB1CC43A}.Release|Any CPU.ActiveCfg = Release|Any CPU
		{943253A8-BB18-4B7C-A15F-4AEBEB1CC43A}.Release|Any CPU.Build.0 = Release|Any CPU
		{468F1034-1CDC-41CD-9AE0-87FF01587746}.Debug|Any CPU.ActiveCfg = Debug|Any CPU
		{468F1034-1CDC-41CD-9AE0-87FF01587746}.Debug|Any CPU.Build.0 = Debug|Any CPU
		{468F1034-1CDC-41CD-9AE0-87FF01587746}.Release|Any CPU.ActiveCfg = Release|Any CPU
		{468F1034-1CDC-41CD-9AE0-87FF01587746}.Release|Any CPU.Build.0 = Release|Any CPU
		{788B16D2-E6F4-43F7-9437-7CE9DDD7BC5C}.Debug|Any CPU.ActiveCfg = Debug|Any CPU
		{788B16D2-E6F4-43F7-9437-7CE9DDD7BC5C}.Debug|Any CPU.Build.0 = Debug|Any CPU
		{788B16D2-E6F4-43F7-9437-7CE9DDD7BC5C}.Release|Any CPU.ActiveCfg = Release|Any CPU
		{788B16D2-E6F4-43F7-9437-7CE9DDD7BC5C}.Release|Any CPU.Build.0 = Release|Any CPU
		{79EB2D30-46F6-4E81-98E9-C3D278ADAE9E}.Debug|Any CPU.ActiveCfg = Debug|Any CPU
		{79EB2D30-46F6-4E81-98E9-C3D278ADAE9E}.Debug|Any CPU.Build.0 = Debug|Any CPU
		{79EB2D30-46F6-4E81-98E9-C3D278ADAE9E}.Release|Any CPU.ActiveCfg = Release|Any CPU
		{79EB2D30-46F6-4E81-98E9-C3D278ADAE9E}.Release|Any CPU.Build.0 = Release|Any CPU
		{F0886EF3-AB64-41F7-AC40-09F81F99ACA8}.Debug|Any CPU.ActiveCfg = Debug|Any CPU
		{F0886EF3-AB64-41F7-AC40-09F81F99ACA8}.Debug|Any CPU.Build.0 = Debug|Any CPU
		{F0886EF3-AB64-41F7-AC40-09F81F99ACA8}.Release|Any CPU.ActiveCfg = Release|Any CPU
		{F0886EF3-AB64-41F7-AC40-09F81F99ACA8}.Release|Any CPU.Build.0 = Release|Any CPU
		{BC455664-3FD9-44AD-8F4E-D872E1945362}.Debug|Any CPU.ActiveCfg = Debug|Any CPU
		{BC455664-3FD9-44AD-8F4E-D872E1945362}.Debug|Any CPU.Build.0 = Debug|Any CPU
		{BC455664-3FD9-44AD-8F4E-D872E1945362}.Release|Any CPU.ActiveCfg = Release|Any CPU
		{BC455664-3FD9-44AD-8F4E-D872E1945362}.Release|Any CPU.Build.0 = Release|Any CPU
		{F3E84934-E34E-4D3F-8349-3F7FB805C581}.Debug|Any CPU.ActiveCfg = Debug|Any CPU
		{F3E84934-E34E-4D3F-8349-3F7FB805C581}.Debug|Any CPU.Build.0 = Debug|Any CPU
		{F3E84934-E34E-4D3F-8349-3F7FB805C581}.Release|Any CPU.ActiveCfg = Release|Any CPU
		{F3E84934-E34E-4D3F-8349-3F7FB805C581}.Release|Any CPU.Build.0 = Release|Any CPU
		{47486958-861B-465D-A858-8F5F522B8AF9}.Debug|Any CPU.ActiveCfg = Debug|Any CPU
		{47486958-861B-465D-A858-8F5F522B8AF9}.Debug|Any CPU.Build.0 = Debug|Any CPU
		{47486958-861B-465D-A858-8F5F522B8AF9}.Release|Any CPU.ActiveCfg = Release|Any CPU
		{47486958-861B-465D-A858-8F5F522B8AF9}.Release|Any CPU.Build.0 = Release|Any CPU
		{2AE50D95-579A-4C43-88C0-8FDACFA01F08}.Debug|Any CPU.ActiveCfg = Debug|Any CPU
		{2AE50D95-579A-4C43-88C0-8FDACFA01F08}.Debug|Any CPU.Build.0 = Debug|Any CPU
		{2AE50D95-579A-4C43-88C0-8FDACFA01F08}.Release|Any CPU.ActiveCfg = Release|Any CPU
		{2AE50D95-579A-4C43-88C0-8FDACFA01F08}.Release|Any CPU.Build.0 = Release|Any CPU
	EndGlobalSection
	GlobalSection(SolutionProperties) = preSolution
		HideSolutionNode = FALSE
	EndGlobalSection
	GlobalSection(ExtensibilityGlobals) = postSolution
		SolutionGuid = {A58568E9-A645-4A7A-9E9B-95D14A7D65CF}
	EndGlobalSection
EndGlobal
